
Microsoft Visual Studio Solution File, Format Version 12.00
# Visual Studio 2012
Project("{FAE04EC0-301F-11D3-BF4B-00C04F79EFBC}") = "MiniLZO", "MiniLZO.csproj", "{E4C58C27-A692-430A-ACD9-084C8BAB4ABF}"
EndProject
Project("{FAE04EC0-301F-11D3-BF4B-00C04F79EFBC}") = "MiniLZOTest", "..\MiniLZOTest\MiniLZOTest.csproj", "{7D4B6189-F411-4B76-9A42-81BD4742A4E1}"
EndProject
Global
	GlobalSection(SolutionConfigurationPlatforms) = preSolution
		Debug|Any CPU = Debug|Any CPU
		Release|Any CPU = Release|Any CPU
	EndGlobalSection
	GlobalSection(ProjectConfigurationPlatforms) = postSolution
		{E4C58C27-A692-430A-ACD9-084C8BAB4ABF}.Debug|Any CPU.ActiveCfg = Debug|Any CPU
		{E4C58C27-A692-430A-ACD9-084C8BAB4ABF}.Debug|Any CPU.Build.0 = Debug|Any CPU
		{E4C58C27-A692-430A-ACD9-084C8BAB4ABF}.Release|Any CPU.ActiveCfg = Release|Any CPU
		{E4C58C27-A692-430A-ACD9-084C8BAB4ABF}.Release|Any CPU.Build.0 = Release|Any CPU
		{7D4B6189-F411-4B76-9A42-81BD4742A4E1}.Debug|Any CPU.ActiveCfg = Debug|Any CPU
		{7D4B6189-F411-4B76-9A42-81BD4742A4E1}.Debug|Any CPU.Build.0 = Debug|Any CPU
		{7D4B6189-F411-4B76-9A42-81BD4742A4E1}.Release|Any CPU.ActiveCfg = Release|Any CPU
		{7D4B6189-F411-4B76-9A42-81BD4742A4E1}.Release|Any CPU.Build.0 = Release|Any CPU
	EndGlobalSection
	GlobalSection(SolutionProperties) = preSolution
		HideSolutionNode = FALSE
	EndGlobalSection
EndGlobal
